
Microsoft Visual Studio Solution File, Format Version 12.00
# Visual Studio Version 17
VisualStudioVersion = 17.11.35312.102
MinimumVisualStudioVersion = 10.0.40219.1
Project("{FAE04EC0-301F-11D3-BF4B-00C04F79EFBC}") = "Caraman_David_Lab1", "Caraman_David_Lab1.csproj", "{D062E0E1-9239-4836-8B12-AD3DC90FE21B}"
EndProject
Global
	GlobalSection(SolutionConfigurationPlatforms) = preSolution
		Debug|Any CPU = Debug|Any CPU
		Release|Any CPU = Release|Any CPU
	EndGlobalSection
	GlobalSection(ProjectConfigurationPlatforms) = postSolution
		{D062E0E1-9239-4836-8B12-AD3DC90FE21B}.Debug|Any CPU.ActiveCfg = Debug|Any CPU
		{D062E0E1-9239-4836-8B12-AD3DC90FE21B}.Debug|Any CPU.Build.0 = Debug|Any CPU
		{D062E0E1-9239-4836-8B12-AD3DC90FE21B}.Release|Any CPU.ActiveCfg = Release|Any CPU
		{D062E0E1-9239-4836-8B12-AD3DC90FE21B}.Release|Any CPU.Build.0 = Release|Any CPU
	EndGlobalSection
	GlobalSection(SolutionProperties) = preSolution
		HideSolutionNode = FALSE
	EndGlobalSection
	GlobalSection(ExtensibilityGlobals) = postSolution
		SolutionGuid = {BEE00445-1E72-415B-8B34-89DBEF6C6009}
	EndGlobalSection
EndGlobal
